
Microsoft Visual Studio Solution File, Format Version 12.00
# Visual Studio 15
Project("{FAE04EC0-301F-11D3-BF4B-00C04F79EFBC}") = "Assembly-CSharp", "Assembly-CSharp.csproj", "{CBDAE31A-4689-1FFD-88A6-0775AF16F184}"
EndProject
Project("{FAE04EC0-301F-11D3-BF4B-00C04F79EFBC}") = "Assembly-CSharp-Editor", "Assembly-CSharp-Editor.csproj", "{F40F0267-9A98-F3C9-EF32-A136615D4FF6}"
EndProject
Global
	GlobalSection(SolutionConfigurationPlatforms) = preSolution
		Debug|Any CPU = Debug|Any CPU
		Release|Any CPU = Release|Any CPU
	EndGlobalSection
	GlobalSection(ProjectConfigurationPlatforms) = postSolution
		{CBDAE31A-4689-1FFD-88A6-0775AF16F184}.Debug|Any CPU.ActiveCfg = Debug|Any CPU
		{CBDAE31A-4689-1FFD-88A6-0775AF16F184}.Debug|Any CPU.Build.0 = Debug|Any CPU
		{CBDAE31A-4689-1FFD-88A6-0775AF16F184}.Release|Any CPU.ActiveCfg = Release|Any CPU
		{CBDAE31A-4689-1FFD-88A6-0775AF16F184}.Release|Any CPU.Build.0 = Release|Any CPU
		{F40F0267-9A98-F3C9-EF32-A136615D4FF6}.Debug|Any CPU.ActiveCfg = Debug|Any CPU
		{F40F0267-9A98-F3C9-EF32-A136615D4FF6}.Debug|Any CPU.Build.0 = Debug|Any CPU
		{F40F0267-9A98-F3C9-EF32-A136615D4FF6}.Release|Any CPU.ActiveCfg = Release|Any CPU
		{F40F0267-9A98-F3C9-EF32-A136615D4FF6}.Release|Any CPU.Build.0 = Release|Any CPU
	EndGlobalSection
	GlobalSection(SolutionProperties) = preSolution
		HideSolutionNode = FALSE
	EndGlobalSection
EndGlobal
